
Microsoft Visual Studio Solution File, Format Version 12.00
# Visual Studio Version 16
VisualStudioVersion = 16.0.31624.102
MinimumVisualStudioVersion = 10.0.40219.1
Project("{FAE04EC0-301F-11D3-BF4B-00C04F79EFBC}") = "Array Random Sort", "Array Random Sort\Array Random Sort.csproj", "{D22E194B-56A1-4B7F-A891-4BEA41E1C23E}"
EndProject
Global
	GlobalSection(SolutionConfigurationPlatforms) = preSolution
		Debug|Any CPU = Debug|Any CPU
		Release|Any CPU = Release|Any CPU
	EndGlobalSection
	GlobalSection(ProjectConfigurationPlatforms) = postSolution
		{D22E194B-56A1-4B7F-A891-4BEA41E1C23E}.Debug|Any CPU.ActiveCfg = Debug|Any CPU
		{D22E194B-56A1-4B7F-A891-4BEA41E1C23E}.Debug|Any CPU.Build.0 = Debug|Any CPU
		{D22E194B-56A1-4B7F-A891-4BEA41E1C23E}.Release|Any CPU.ActiveCfg = Release|Any CPU
		{D22E194B-56A1-4B7F-A891-4BEA41E1C23E}.Release|Any CPU.Build.0 = Release|Any CPU
	EndGlobalSection
	GlobalSection(SolutionProperties) = preSolution
		HideSolutionNode = FALSE
	EndGlobalSection
	GlobalSection(ExtensibilityGlobals) = postSolution
		SolutionGuid = {1B71AB12-1557-42EE-8DBA-F04C8AAEF2F3}
	EndGlobalSection
EndGlobal
